
Microsoft Visual Studio Solution File, Format Version 10.00
# Visual Studio 2008
Project("{FAE04EC0-301F-11D3-BF4B-00C04F79EFBC}") = "CodeAnalyzeThis", "CodeAnalyzeThis\CodeAnalyzeThis.csproj", "{4F2B5F8C-0816-4294-ABC5-EEE057992513}"
EndProject
Project("{54435603-DBB4-11D2-8724-00A0C9A8B90C}") = "CodeAnalyzeThisSetup", "CodeAnalyzeThisSetup\CodeAnalyzeThisSetup.vdproj", "{A378DEA4-A2A6-4444-A3A3-68FCBE11C5B2}"
EndProject
Global
	GlobalSection(SolutionConfigurationPlatforms) = preSolution
		Debug|Any CPU = Debug|Any CPU
		Release|Any CPU = Release|Any CPU
	EndGlobalSection
	GlobalSection(ProjectConfigurationPlatforms) = postSolution
		{4F2B5F8C-0816-4294-ABC5-EEE057992513}.Debug|Any CPU.ActiveCfg = Debug|Any CPU
		{4F2B5F8C-0816-4294-ABC5-EEE057992513}.Debug|Any CPU.Build.0 = Debug|Any CPU
		{4F2B5F8C-0816-4294-ABC5-EEE057992513}.Release|Any CPU.ActiveCfg = Release|Any CPU
		{4F2B5F8C-0816-4294-ABC5-EEE057992513}.Release|Any CPU.Build.0 = Release|Any CPU
		{A378DEA4-A2A6-4444-A3A3-68FCBE11C5B2}.Debug|Any CPU.ActiveCfg = Debug
		{A378DEA4-A2A6-4444-A3A3-68FCBE11C5B2}.Release|Any CPU.ActiveCfg = Release
	EndGlobalSection
	GlobalSection(SolutionProperties) = preSolution
		HideSolutionNode = FALSE
	EndGlobalSection
EndGlobal
